
Microsoft Visual Studio Solution File, Format Version 12.00
# Visual Studio Version 17
VisualStudioVersion = 17.14.36401.2 d17.14
MinimumVisualStudioVersion = 10.0.40219.1
Project("{FAE04EC0-301F-11D3-BF4B-00C04F79EFBC}") = "Back_For_Portifolio", "Back_For_Portifolio.csproj", "{7F3616F2-3B6F-4821-964F-7EA1474C2AD5}"
EndProject
Global
	GlobalSection(SolutionConfigurationPlatforms) = preSolution
		Debug|Any CPU = Debug|Any CPU
		Release|Any CPU = Release|Any CPU
	EndGlobalSection
	GlobalSection(ProjectConfigurationPlatforms) = postSolution
		{7F3616F2-3B6F-4821-964F-7EA1474C2AD5}.Debug|Any CPU.ActiveCfg = Debug|Any CPU
		{7F3616F2-3B6F-4821-964F-7EA1474C2AD5}.Debug|Any CPU.Build.0 = Debug|Any CPU
		{7F3616F2-3B6F-4821-964F-7EA1474C2AD5}.Release|Any CPU.ActiveCfg = Release|Any CPU
		{7F3616F2-3B6F-4821-964F-7EA1474C2AD5}.Release|Any CPU.Build.0 = Release|Any CPU
	EndGlobalSection
	GlobalSection(SolutionProperties) = preSolution
		HideSolutionNode = FALSE
	EndGlobalSection
	GlobalSection(ExtensibilityGlobals) = postSolution
		SolutionGuid = {D1B03E67-1E4B-435D-B81D-AF0AD0DB784C}
	EndGlobalSection
EndGlobal
